
Microsoft Visual Studio Solution File, Format Version 12.00
# Visual Studio Version 17
VisualStudioVersion = 17.9.34728.123
MinimumVisualStudioVersion = 10.0.40219.1
Project("{FAE04EC0-301F-11D3-BF4B-00C04F79EFBC}") = "FreeGamesLibrary", "FreeGamesLibrary\FreeGamesLibrary.csproj", "{19930D16-0CB0-4D35-8420-5F0672642D05}"
EndProject
Global
	GlobalSection(SolutionConfigurationPlatforms) = preSolution
		Debug|Any CPU = Debug|Any CPU
		Release|Any CPU = Release|Any CPU
	EndGlobalSection
	GlobalSection(ProjectConfigurationPlatforms) = postSolution
		{19930D16-0CB0-4D35-8420-5F0672642D05}.Debug|Any CPU.ActiveCfg = Debug|Any CPU
		{19930D16-0CB0-4D35-8420-5F0672642D05}.Debug|Any CPU.Build.0 = Debug|Any CPU
		{19930D16-0CB0-4D35-8420-5F0672642D05}.Release|Any CPU.ActiveCfg = Release|Any CPU
		{19930D16-0CB0-4D35-8420-5F0672642D05}.Release|Any CPU.Build.0 = Release|Any CPU
	EndGlobalSection
	GlobalSection(SolutionProperties) = preSolution
		HideSolutionNode = FALSE
	EndGlobalSection
	GlobalSection(ExtensibilityGlobals) = postSolution
		SolutionGuid = {D43CAB05-FC9D-4326-BA0A-5BAEB749FEEA}
	EndGlobalSection
EndGlobal
